
Microsoft Visual Studio Solution File, Format Version 12.00
# Visual Studio Version 17
VisualStudioVersion = 17.8.34322.80
MinimumVisualStudioVersion = 10.0.40219.1
Project("{9A19103F-16F7-4668-BE54-9A1E7A4F7556}") = "BaoNH.ASM2.Web", "BaoNH.ASM2.Web\BaoNH.ASM2.Web.csproj", "{C1E66268-3B4E-4EF8-8A23-9A77ED7261AE}"
EndProject
Project("{9A19103F-16F7-4668-BE54-9A1E7A4F7556}") = "BaoNH.ASM2.Repo", "BaoNH.ASM2.Repo\BaoNH.ASM2.Repo.csproj", "{FCCD418B-B25A-4C0F-B124-96DE3B17B8E3}"
EndProject
Global
	GlobalSection(SolutionConfigurationPlatforms) = preSolution
		Debug|Any CPU = Debug|Any CPU
		Release|Any CPU = Release|Any CPU
	EndGlobalSection
	GlobalSection(ProjectConfigurationPlatforms) = postSolution
		{C1E66268-3B4E-4EF8-8A23-9A77ED7261AE}.Debug|Any CPU.ActiveCfg = Debug|Any CPU
		{C1E66268-3B4E-4EF8-8A23-9A77ED7261AE}.Debug|Any CPU.Build.0 = Debug|Any CPU
		{C1E66268-3B4E-4EF8-8A23-9A77ED7261AE}.Release|Any CPU.ActiveCfg = Release|Any CPU
		{C1E66268-3B4E-4EF8-8A23-9A77ED7261AE}.Release|Any CPU.Build.0 = Release|Any CPU
		{FCCD418B-B25A-4C0F-B124-96DE3B17B8E3}.Debug|Any CPU.ActiveCfg = Debug|Any CPU
		{FCCD418B-B25A-4C0F-B124-96DE3B17B8E3}.Debug|Any CPU.Build.0 = Debug|Any CPU
		{FCCD418B-B25A-4C0F-B124-96DE3B17B8E3}.Release|Any CPU.ActiveCfg = Release|Any CPU
		{FCCD418B-B25A-4C0F-B124-96DE3B17B8E3}.Release|Any CPU.Build.0 = Release|Any CPU
	EndGlobalSection
	GlobalSection(SolutionProperties) = preSolution
		HideSolutionNode = FALSE
	EndGlobalSection
	GlobalSection(ExtensibilityGlobals) = postSolution
		SolutionGuid = {B7A57B75-BAB3-438D-ACE4-EBA066B1CF6B}
	EndGlobalSection
EndGlobal
