
Microsoft Visual Studio Solution File, Format Version 12.00
# Visual Studio Version 17
VisualStudioVersion = 17.8.34322.80
MinimumVisualStudioVersion = 10.0.40219.1
Project("{FAE04EC0-301F-11D3-BF4B-00C04F79EFBC}") = "Exercise3", "Exercise3\Exercise3.csproj", "{1CE2997C-FC69-42D8-8720-D6FCC84F2232}"
EndProject
Global
	GlobalSection(SolutionConfigurationPlatforms) = preSolution
		Debug|Any CPU = Debug|Any CPU
		Release|Any CPU = Release|Any CPU
	EndGlobalSection
	GlobalSection(ProjectConfigurationPlatforms) = postSolution
		{1CE2997C-FC69-42D8-8720-D6FCC84F2232}.Debug|Any CPU.ActiveCfg = Debug|Any CPU
		{1CE2997C-FC69-42D8-8720-D6FCC84F2232}.Debug|Any CPU.Build.0 = Debug|Any CPU
		{1CE2997C-FC69-42D8-8720-D6FCC84F2232}.Release|Any CPU.ActiveCfg = Release|Any CPU
		{1CE2997C-FC69-42D8-8720-D6FCC84F2232}.Release|Any CPU.Build.0 = Release|Any CPU
	EndGlobalSection
	GlobalSection(SolutionProperties) = preSolution
		HideSolutionNode = FALSE
	EndGlobalSection
	GlobalSection(ExtensibilityGlobals) = postSolution
		SolutionGuid = {3D790E61-19C1-4B4B-977F-4E32D24D43B8}
	EndGlobalSection
EndGlobal
