
Microsoft Visual Studio Solution File, Format Version 12.00
# Visual Studio Version 17
VisualStudioVersion = 17.8.34322.80
MinimumVisualStudioVersion = 10.0.40219.1
Project("{9A19103F-16F7-4668-BE54-9A1E7A4F7556}") = "Assignment2", "Assignment2\Assignment2.csproj", "{3B411E89-6E12-4739-A4CE-6FBF17D2502F}"
EndProject
Project("{9A19103F-16F7-4668-BE54-9A1E7A4F7556}") = "Service", "Service\Service.csproj", "{A9DBFBC6-355F-4093-A2DD-D238920FD6C0}"
EndProject
Project("{9A19103F-16F7-4668-BE54-9A1E7A4F7556}") = "Repository", "Repository\Repository.csproj", "{C8270EF2-5B4D-4199-A460-F3162945F7D4}"
EndProject
Global
	GlobalSection(SolutionConfigurationPlatforms) = preSolution
		Debug|Any CPU = Debug|Any CPU
		Release|Any CPU = Release|Any CPU
	EndGlobalSection
	GlobalSection(ProjectConfigurationPlatforms) = postSolution
		{3B411E89-6E12-4739-A4CE-6FBF17D2502F}.Debug|Any CPU.ActiveCfg = Debug|Any CPU
		{3B411E89-6E12-4739-A4CE-6FBF17D2502F}.Debug|Any CPU.Build.0 = Debug|Any CPU
		{3B411E89-6E12-4739-A4CE-6FBF17D2502F}.Release|Any CPU.ActiveCfg = Release|Any CPU
		{3B411E89-6E12-4739-A4CE-6FBF17D2502F}.Release|Any CPU.Build.0 = Release|Any CPU
		{A9DBFBC6-355F-4093-A2DD-D238920FD6C0}.Debug|Any CPU.ActiveCfg = Debug|Any CPU
		{A9DBFBC6-355F-4093-A2DD-D238920FD6C0}.Debug|Any CPU.Build.0 = Debug|Any CPU
		{A9DBFBC6-355F-4093-A2DD-D238920FD6C0}.Release|Any CPU.ActiveCfg = Release|Any CPU
		{A9DBFBC6-355F-4093-A2DD-D238920FD6C0}.Release|Any CPU.Build.0 = Release|Any CPU
		{C8270EF2-5B4D-4199-A460-F3162945F7D4}.Debug|Any CPU.ActiveCfg = Debug|Any CPU
		{C8270EF2-5B4D-4199-A460-F3162945F7D4}.Debug|Any CPU.Build.0 = Debug|Any CPU
		{C8270EF2-5B4D-4199-A460-F3162945F7D4}.Release|Any CPU.ActiveCfg = Release|Any CPU
		{C8270EF2-5B4D-4199-A460-F3162945F7D4}.Release|Any CPU.Build.0 = Release|Any CPU
	EndGlobalSection
	GlobalSection(SolutionProperties) = preSolution
		HideSolutionNode = FALSE
	EndGlobalSection
	GlobalSection(ExtensibilityGlobals) = postSolution
		SolutionGuid = {FC8CDBBA-41E4-4226-B17F-1B335EEB6970}
	EndGlobalSection
EndGlobal
